
Microsoft Visual Studio Solution File, Format Version 12.00
# Visual Studio Version 16
VisualStudioVersion = 16.0.30011.22
MinimumVisualStudioVersion = 10.0.40219.1
Project("{FAE04EC0-301F-11D3-BF4B-00C04F79EFBC}") = "myEVA", "myEVA\myEVA.csproj", "{05EBAE7F-42EE-4118-901A-61714D86BBCC}"
EndProject
Global
	GlobalSection(SolutionConfigurationPlatforms) = preSolution
		Debug|Any CPU = Debug|Any CPU
		Release|Any CPU = Release|Any CPU
	EndGlobalSection
	GlobalSection(ProjectConfigurationPlatforms) = postSolution
		{05EBAE7F-42EE-4118-901A-61714D86BBCC}.Debug|Any CPU.ActiveCfg = Debug|Any CPU
		{05EBAE7F-42EE-4118-901A-61714D86BBCC}.Debug|Any CPU.Build.0 = Debug|Any CPU
		{05EBAE7F-42EE-4118-901A-61714D86BBCC}.Release|Any CPU.ActiveCfg = Release|Any CPU
		{05EBAE7F-42EE-4118-901A-61714D86BBCC}.Release|Any CPU.Build.0 = Release|Any CPU
	EndGlobalSection
	GlobalSection(SolutionProperties) = preSolution
		HideSolutionNode = FALSE
	EndGlobalSection
	GlobalSection(ExtensibilityGlobals) = postSolution
		SolutionGuid = {EB96397A-BCB4-4BBA-AC8F-42A8798FC179}
	EndGlobalSection
EndGlobal
